
Microsoft Visual Studio Solution File, Format Version 12.00
# Visual Studio 14
VisualStudioVersion = 14.0.25123.0
MinimumVisualStudioVersion = 10.0.40219.1
Project("{FAE04EC0-301F-11D3-BF4B-00C04F79EFBC}") = "autofac110.api", "autofac110.api\autofac110.api.csproj", "{6F338DE8-4E3F-4A1C-B3F2-94851D6D6B49}"
EndProject
Project("{FAE04EC0-301F-11D3-BF4B-00C04F79EFBC}") = "autofac110.mvc", "autofac110.mvc\autofac110.mvc.csproj", "{845BC122-B918-4700-A678-52ED16E33853}"
EndProject
Project("{FAE04EC0-301F-11D3-BF4B-00C04F79EFBC}") = "autofac110.owin", "autofac110.owin\autofac110.owin.csproj", "{4805679A-AE51-431D-9F2F-8F6B7FCB09FD}"
EndProject
Project("{FAE04EC0-301F-11D3-BF4B-00C04F79EFBC}") = "autofac110.shared", "autofac110.shared\autofac110.shared.csproj", "{1035DA85-9DE3-45AB-ACC2-D16B2E9F4F57}"
EndProject
Global
	GlobalSection(SolutionConfigurationPlatforms) = preSolution
		Debug|Any CPU = Debug|Any CPU
		Release|Any CPU = Release|Any CPU
	EndGlobalSection
	GlobalSection(ProjectConfigurationPlatforms) = postSolution
		{6F338DE8-4E3F-4A1C-B3F2-94851D6D6B49}.Debug|Any CPU.ActiveCfg = Debug|Any CPU
		{6F338DE8-4E3F-4A1C-B3F2-94851D6D6B49}.Debug|Any CPU.Build.0 = Debug|Any CPU
		{6F338DE8-4E3F-4A1C-B3F2-94851D6D6B49}.Release|Any CPU.ActiveCfg = Release|Any CPU
		{6F338DE8-4E3F-4A1C-B3F2-94851D6D6B49}.Release|Any CPU.Build.0 = Release|Any CPU
		{845BC122-B918-4700-A678-52ED16E33853}.Debug|Any CPU.ActiveCfg = Debug|Any CPU
		{845BC122-B918-4700-A678-52ED16E33853}.Debug|Any CPU.Build.0 = Debug|Any CPU
		{845BC122-B918-4700-A678-52ED16E33853}.Release|Any CPU.ActiveCfg = Release|Any CPU
		{845BC122-B918-4700-A678-52ED16E33853}.Release|Any CPU.Build.0 = Release|Any CPU
		{4805679A-AE51-431D-9F2F-8F6B7FCB09FD}.Debug|Any CPU.ActiveCfg = Debug|Any CPU
		{4805679A-AE51-431D-9F2F-8F6B7FCB09FD}.Debug|Any CPU.Build.0 = Debug|Any CPU
		{4805679A-AE51-431D-9F2F-8F6B7FCB09FD}.Release|Any CPU.ActiveCfg = Release|Any CPU
		{4805679A-AE51-431D-9F2F-8F6B7FCB09FD}.Release|Any CPU.Build.0 = Release|Any CPU
		{1035DA85-9DE3-45AB-ACC2-D16B2E9F4F57}.Debug|Any CPU.ActiveCfg = Debug|Any CPU
		{1035DA85-9DE3-45AB-ACC2-D16B2E9F4F57}.Debug|Any CPU.Build.0 = Debug|Any CPU
		{1035DA85-9DE3-45AB-ACC2-D16B2E9F4F57}.Release|Any CPU.ActiveCfg = Release|Any CPU
		{1035DA85-9DE3-45AB-ACC2-D16B2E9F4F57}.Release|Any CPU.Build.0 = Release|Any CPU
	EndGlobalSection
	GlobalSection(SolutionProperties) = preSolution
		HideSolutionNode = FALSE
	EndGlobalSection
EndGlobal
